
Microsoft Visual Studio Solution File, Format Version 12.00
# Visual Studio Version 16
VisualStudioVersion = 16.0.31515.178
MinimumVisualStudioVersion = 10.0.40219.1
Project("{FAE04EC0-301F-11D3-BF4B-00C04F79EFBC}") = "WebApp", "WebApp\WebApp.csproj", "{9734F3AD-D695-4271-9C61-AEC31706F43A}"
EndProject
Global
	GlobalSection(SolutionConfigurationPlatforms) = preSolution
		Debug|Any CPU = Debug|Any CPU
		Release|Any CPU = Release|Any CPU
	EndGlobalSection
	GlobalSection(ProjectConfigurationPlatforms) = postSolution
		{9734F3AD-D695-4271-9C61-AEC31706F43A}.Debug|Any CPU.ActiveCfg = Debug|Any CPU
		{9734F3AD-D695-4271-9C61-AEC31706F43A}.Debug|Any CPU.Build.0 = Debug|Any CPU
		{9734F3AD-D695-4271-9C61-AEC31706F43A}.Release|Any CPU.ActiveCfg = Release|Any CPU
		{9734F3AD-D695-4271-9C61-AEC31706F43A}.Release|Any CPU.Build.0 = Release|Any CPU
	EndGlobalSection
	GlobalSection(SolutionProperties) = preSolution
		HideSolutionNode = FALSE
	EndGlobalSection
	GlobalSection(ExtensibilityGlobals) = postSolution
		SolutionGuid = {80A4C8EA-687E-4DFE-8ADC-A5C975938D2E}
	EndGlobalSection
EndGlobal
